
Microsoft Visual Studio Solution File, Format Version 12.00
# Visual Studio Version 17
VisualStudioVersion = 17.5.2.0
MinimumVisualStudioVersion = 10.0.40219.1
Project("{FAE04EC0-301F-11D3-BF4B-00C04F79EFBC}") = "MyApp", "MyApp\MyApp.csproj", "{D8495696-776F-DF62-4486-C5C1C6F08BD3}"
EndProject
Project("{FAE04EC0-301F-11D3-BF4B-00C04F79EFBC}") = "Feb14Practise", "Feb14Practise\Feb14Practise.csproj", "{6EFC34E0-8671-421D-BC7A-00A74A03C6E2}"
EndProject
Project("{FAE04EC0-301F-11D3-BF4B-00C04F79EFBC}") = "Feb14Practise2", "Feb14Practise2\Feb14Practise2.csproj", "{1EE297A4-92C1-487D-9FB0-FF44701A0ADE}"
EndProject
Project("{FAE04EC0-301F-11D3-BF4B-00C04F79EFBC}") = "GenericsPractice", "GenericsPractice\GenericsPractice.csproj", "{BBA0D3B0-34DA-46C1-A0CC-E3EF1DDDFBAF}"
EndProject
Project("{FAE04EC0-301F-11D3-BF4B-00C04F79EFBC}") = "StringTutorial", "StringTutorial\StringTutorial.csproj", "{03D8FD5E-5599-4CBA-91E7-D1D0DEF0457B}"
EndProject
Global
	GlobalSection(SolutionConfigurationPlatforms) = preSolution
		Debug|Any CPU = Debug|Any CPU
		Debug|x64 = Debug|x64
		Debug|x86 = Debug|x86
		Release|Any CPU = Release|Any CPU
		Release|x64 = Release|x64
		Release|x86 = Release|x86
	EndGlobalSection
	GlobalSection(ProjectConfigurationPlatforms) = postSolution
		{D8495696-776F-DF62-4486-C5C1C6F08BD3}.Debug|Any CPU.ActiveCfg = Debug|Any CPU
		{D8495696-776F-DF62-4486-C5C1C6F08BD3}.Debug|Any CPU.Build.0 = Debug|Any CPU
		{D8495696-776F-DF62-4486-C5C1C6F08BD3}.Debug|x64.ActiveCfg = Debug|Any CPU
		{D8495696-776F-DF62-4486-C5C1C6F08BD3}.Debug|x64.Build.0 = Debug|Any CPU
		{D8495696-776F-DF62-4486-C5C1C6F08BD3}.Debug|x86.ActiveCfg = Debug|Any CPU
		{D8495696-776F-DF62-4486-C5C1C6F08BD3}.Debug|x86.Build.0 = Debug|Any CPU
		{D8495696-776F-DF62-4486-C5C1C6F08BD3}.Release|Any CPU.ActiveCfg = Release|Any CPU
		{D8495696-776F-DF62-4486-C5C1C6F08BD3}.Release|Any CPU.Build.0 = Release|Any CPU
		{D8495696-776F-DF62-4486-C5C1C6F08BD3}.Release|x64.ActiveCfg = Release|Any CPU
		{D8495696-776F-DF62-4486-C5C1C6F08BD3}.Release|x64.Build.0 = Release|Any CPU
		{D8495696-776F-DF62-4486-C5C1C6F08BD3}.Release|x86.ActiveCfg = Release|Any CPU
		{D8495696-776F-DF62-4486-C5C1C6F08BD3}.Release|x86.Build.0 = Release|Any CPU
		{6EFC34E0-8671-421D-BC7A-00A74A03C6E2}.Debug|Any CPU.ActiveCfg = Debug|Any CPU
		{6EFC34E0-8671-421D-BC7A-00A74A03C6E2}.Debug|Any CPU.Build.0 = Debug|Any CPU
		{6EFC34E0-8671-421D-BC7A-00A74A03C6E2}.Debug|x64.ActiveCfg = Debug|Any CPU
		{6EFC34E0-8671-421D-BC7A-00A74A03C6E2}.Debug|x64.Build.0 = Debug|Any CPU
		{6EFC34E0-8671-421D-BC7A-00A74A03C6E2}.Debug|x86.ActiveCfg = Debug|Any CPU
		{6EFC34E0-8671-421D-BC7A-00A74A03C6E2}.Debug|x86.Build.0 = Debug|Any CPU
		{6EFC34E0-8671-421D-BC7A-00A74A03C6E2}.Release|Any CPU.ActiveCfg = Release|Any CPU
		{6EFC34E0-8671-421D-BC7A-00A74A03C6E2}.Release|Any CPU.Build.0 = Release|Any CPU
		{6EFC34E0-8671-421D-BC7A-00A74A03C6E2}.Release|x64.ActiveCfg = Release|Any CPU
		{6EFC34E0-8671-421D-BC7A-00A74A03C6E2}.Release|x64.Build.0 = Release|Any CPU
		{6EFC34E0-8671-421D-BC7A-00A74A03C6E2}.Release|x86.ActiveCfg = Release|Any CPU
		{6EFC34E0-8671-421D-BC7A-00A74A03C6E2}.Release|x86.Build.0 = Release|Any CPU
		{1EE297A4-92C1-487D-9FB0-FF44701A0ADE}.Debug|Any CPU.ActiveCfg = Debug|Any CPU
		{1EE297A4-92C1-487D-9FB0-FF44701A0ADE}.Debug|Any CPU.Build.0 = Debug|Any CPU
		{1EE297A4-92C1-487D-9FB0-FF44701A0ADE}.Debug|x64.ActiveCfg = Debug|Any CPU
		{1EE297A4-92C1-487D-9FB0-FF44701A0ADE}.Debug|x64.Build.0 = Debug|Any CPU
		{1EE297A4-92C1-487D-9FB0-FF44701A0ADE}.Debug|x86.ActiveCfg = Debug|Any CPU
		{1EE297A4-92C1-487D-9FB0-FF44701A0ADE}.Debug|x86.Build.0 = Debug|Any CPU
		{1EE297A4-92C1-487D-9FB0-FF44701A0ADE}.Release|Any CPU.ActiveCfg = Release|Any CPU
		{1EE297A4-92C1-487D-9FB0-FF44701A0ADE}.Release|Any CPU.Build.0 = Release|Any CPU
		{1EE297A4-92C1-487D-9FB0-FF44701A0ADE}.Release|x64.ActiveCfg = Release|Any CPU
		{1EE297A4-92C1-487D-9FB0-FF44701A0ADE}.Release|x64.Build.0 = Release|Any CPU
		{1EE297A4-92C1-487D-9FB0-FF44701A0ADE}.Release|x86.ActiveCfg = Release|Any CPU
		{1EE297A4-92C1-487D-9FB0-FF44701A0ADE}.Release|x86.Build.0 = Release|Any CPU
		{BBA0D3B0-34DA-46C1-A0CC-E3EF1DDDFBAF}.Debug|Any CPU.ActiveCfg = Debug|Any CPU
		{BBA0D3B0-34DA-46C1-A0CC-E3EF1DDDFBAF}.Debug|Any CPU.Build.0 = Debug|Any CPU
		{BBA0D3B0-34DA-46C1-A0CC-E3EF1DDDFBAF}.Debug|x64.ActiveCfg = Debug|Any CPU
		{BBA0D3B0-34DA-46C1-A0CC-E3EF1DDDFBAF}.Debug|x64.Build.0 = Debug|Any CPU
		{BBA0D3B0-34DA-46C1-A0CC-E3EF1DDDFBAF}.Debug|x86.ActiveCfg = Debug|Any CPU
		{BBA0D3B0-34DA-46C1-A0CC-E3EF1DDDFBAF}.Debug|x86.Build.0 = Debug|Any CPU
		{BBA0D3B0-34DA-46C1-A0CC-E3EF1DDDFBAF}.Release|Any CPU.ActiveCfg = Release|Any CPU
		{BBA0D3B0-34DA-46C1-A0CC-E3EF1DDDFBAF}.Release|Any CPU.Build.0 = Release|Any CPU
		{BBA0D3B0-34DA-46C1-A0CC-E3EF1DDDFBAF}.Release|x64.ActiveCfg = Release|Any CPU
		{BBA0D3B0-34DA-46C1-A0CC-E3EF1DDDFBAF}.Release|x64.Build.0 = Release|Any CPU
		{BBA0D3B0-34DA-46C1-A0CC-E3EF1DDDFBAF}.Release|x86.ActiveCfg = Release|Any CPU
		{BBA0D3B0-34DA-46C1-A0CC-E3EF1DDDFBAF}.Release|x86.Build.0 = Release|Any CPU
		{03D8FD5E-5599-4CBA-91E7-D1D0DEF0457B}.Debug|Any CPU.ActiveCfg = Debug|Any CPU
		{03D8FD5E-5599-4CBA-91E7-D1D0DEF0457B}.Debug|Any CPU.Build.0 = Debug|Any CPU
		{03D8FD5E-5599-4CBA-91E7-D1D0DEF0457B}.Debug|x64.ActiveCfg = Debug|Any CPU
		{03D8FD5E-5599-4CBA-91E7-D1D0DEF0457B}.Debug|x64.Build.0 = Debug|Any CPU
		{03D8FD5E-5599-4CBA-91E7-D1D0DEF0457B}.Debug|x86.ActiveCfg = Debug|Any CPU
		{03D8FD5E-5599-4CBA-91E7-D1D0DEF0457B}.Debug|x86.Build.0 = Debug|Any CPU
		{03D8FD5E-5599-4CBA-91E7-D1D0DEF0457B}.Release|Any CPU.ActiveCfg = Release|Any CPU
		{03D8FD5E-5599-4CBA-91E7-D1D0DEF0457B}.Release|Any CPU.Build.0 = Release|Any CPU
		{03D8FD5E-5599-4CBA-91E7-D1D0DEF0457B}.Release|x64.ActiveCfg = Release|Any CPU
		{03D8FD5E-5599-4CBA-91E7-D1D0DEF0457B}.Release|x64.Build.0 = Release|Any CPU
		{03D8FD5E-5599-4CBA-91E7-D1D0DEF0457B}.Release|x86.ActiveCfg = Release|Any CPU
		{03D8FD5E-5599-4CBA-91E7-D1D0DEF0457B}.Release|x86.Build.0 = Release|Any CPU
	EndGlobalSection
	GlobalSection(SolutionProperties) = preSolution
		HideSolutionNode = FALSE
	EndGlobalSection
	GlobalSection(ExtensibilityGlobals) = postSolution
		SolutionGuid = {A0D582C9-F8C7-4A15-B10A-B2C0C6F07EAB}
	EndGlobalSection
EndGlobal
